
Microsoft Visual Studio Solution File, Format Version 12.00
# Visual Studio Version 16
VisualStudioVersion = 16.0.31605.320
MinimumVisualStudioVersion = 10.0.40219.1
Project("{FAE04EC0-301F-11D3-BF4B-00C04F79EFBC}") = "ASPAssignment1", "ASPAssignment1\ASPAssignment1.csproj", "{2110C1F1-8467-45D5-BABC-8404270AD4B0}"
EndProject
Global
	GlobalSection(SolutionConfigurationPlatforms) = preSolution
		Debug|Any CPU = Debug|Any CPU
		Release|Any CPU = Release|Any CPU
	EndGlobalSection
	GlobalSection(ProjectConfigurationPlatforms) = postSolution
		{2110C1F1-8467-45D5-BABC-8404270AD4B0}.Debug|Any CPU.ActiveCfg = Debug|Any CPU
		{2110C1F1-8467-45D5-BABC-8404270AD4B0}.Debug|Any CPU.Build.0 = Debug|Any CPU
		{2110C1F1-8467-45D5-BABC-8404270AD4B0}.Release|Any CPU.ActiveCfg = Release|Any CPU
		{2110C1F1-8467-45D5-BABC-8404270AD4B0}.Release|Any CPU.Build.0 = Release|Any CPU
	EndGlobalSection
	GlobalSection(SolutionProperties) = preSolution
		HideSolutionNode = FALSE
	EndGlobalSection
	GlobalSection(ExtensibilityGlobals) = postSolution
		SolutionGuid = {CEB3619F-D9B5-422D-92F9-7D8C200A4AE7}
	EndGlobalSection
EndGlobal
